
Microsoft Visual Studio Solution File, Format Version 12.00
# Visual Studio 2013
VisualStudioVersion = 12.0.40629.0
MinimumVisualStudioVersion = 10.0.40219.1
Project("{FAE04EC0-301F-11D3-BF4B-00C04F79EFBC}") = "UnaPantalla.Droid", "UnaPantalla\UnaPantalla.Droid\UnaPantalla.Droid.csproj", "{D22270CF-176A-4D54-8A02-D474264EFD9A}"
EndProject
Project("{FAE04EC0-301F-11D3-BF4B-00C04F79EFBC}") = "UnaPantalla.iOS", "UnaPantalla\UnaPantalla.iOS\UnaPantalla.iOS.csproj", "{A3871533-5BC3-45EA-9C93-78C4450CB2A6}"
EndProject
Project("{FAE04EC0-301F-11D3-BF4B-00C04F79EFBC}") = "UnaPantalla.WinPhone", "UnaPantalla\UnaPantalla.WinPhone\UnaPantalla.WinPhone.csproj", "{1A49D3DD-D632-4AAF-A6F2-6CFC8DBF81E3}"
EndProject
Project("{FAE04EC0-301F-11D3-BF4B-00C04F79EFBC}") = "UnaPantalla", "UnaPantalla\UnaPantalla\UnaPantalla.csproj", "{968C2085-0B1D-4336-B189-AC2873605E72}"
EndProject
Project("{2150E333-8FDC-42A3-9474-1A3956D46DE8}") = ".nuget", ".nuget", "{A92FD151-36A7-4744-B3FD-05C32A0096C1}"
	ProjectSection(SolutionItems) = preProject
		.nuget\NuGet.Config = .nuget\NuGet.Config
		.nuget\NuGet.exe = .nuget\NuGet.exe
		.nuget\NuGet.targets = .nuget\NuGet.targets
	EndProjectSection
EndProject
Global
	GlobalSection(SolutionConfigurationPlatforms) = preSolution
		Ad-Hoc|Any CPU = Ad-Hoc|Any CPU
		Ad-Hoc|ARM = Ad-Hoc|ARM
		Ad-Hoc|iPhone = Ad-Hoc|iPhone
		Ad-Hoc|iPhoneSimulator = Ad-Hoc|iPhoneSimulator
		Ad-Hoc|Mixed Platforms = Ad-Hoc|Mixed Platforms
		Ad-Hoc|x86 = Ad-Hoc|x86
		AppStore|Any CPU = AppStore|Any CPU
		AppStore|ARM = AppStore|ARM
		AppStore|iPhone = AppStore|iPhone
		AppStore|iPhoneSimulator = AppStore|iPhoneSimulator
		AppStore|Mixed Platforms = AppStore|Mixed Platforms
		AppStore|x86 = AppStore|x86
		Debug|Any CPU = Debug|Any CPU
		Debug|ARM = Debug|ARM
		Debug|iPhone = Debug|iPhone
		Debug|iPhoneSimulator = Debug|iPhoneSimulator
		Debug|Mixed Platforms = Debug|Mixed Platforms
		Debug|x86 = Debug|x86
		Release|Any CPU = Release|Any CPU
		Release|ARM = Release|ARM
		Release|iPhone = Release|iPhone
		Release|iPhoneSimulator = Release|iPhoneSimulator
		Release|Mixed Platforms = Release|Mixed Platforms
		Release|x86 = Release|x86
	EndGlobalSection
	GlobalSection(ProjectConfigurationPlatforms) = postSolution
		{D22270CF-176A-4D54-8A02-D474264EFD9A}.Ad-Hoc|Any CPU.ActiveCfg = Release|Any CPU
		{D22270CF-176A-4D54-8A02-D474264EFD9A}.Ad-Hoc|Any CPU.Build.0 = Release|Any CPU
		{D22270CF-176A-4D54-8A02-D474264EFD9A}.Ad-Hoc|Any CPU.Deploy.0 = Release|Any CPU
		{D22270CF-176A-4D54-8A02-D474264EFD9A}.Ad-Hoc|ARM.ActiveCfg = Release|Any CPU
		{D22270CF-176A-4D54-8A02-D474264EFD9A}.Ad-Hoc|iPhone.ActiveCfg = Release|Any CPU
		{D22270CF-176A-4D54-8A02-D474264EFD9A}.Ad-Hoc|iPhoneSimulator.ActiveCfg = Release|Any CPU
		{D22270CF-176A-4D54-8A02-D474264EFD9A}.Ad-Hoc|Mixed Platforms.ActiveCfg = Release|Any CPU
		{D22270CF-176A-4D54-8A02-D474264EFD9A}.Ad-Hoc|Mixed Platforms.Build.0 = Release|Any CPU
		{D22270CF-176A-4D54-8A02-D474264EFD9A}.Ad-Hoc|Mixed Platforms.Deploy.0 = Release|Any CPU
		{D22270CF-176A-4D54-8A02-D474264EFD9A}.Ad-Hoc|x86.ActiveCfg = Release|Any CPU
		{D22270CF-176A-4D54-8A02-D474264EFD9A}.AppStore|Any CPU.ActiveCfg = Release|Any CPU
		{D22270CF-176A-4D54-8A02-D474264EFD9A}.AppStore|Any CPU.Build.0 = Release|Any CPU
		{D22270CF-176A-4D54-8A02-D474264EFD9A}.AppStore|Any CPU.Deploy.0 = Release|Any CPU
		{D22270CF-176A-4D54-8A02-D474264EFD9A}.AppStore|ARM.ActiveCfg = Release|Any CPU
		{D22270CF-176A-4D54-8A02-D474264EFD9A}.AppStore|iPhone.ActiveCfg = Release|Any CPU
		{D22270CF-176A-4D54-8A02-D474264EFD9A}.AppStore|iPhoneSimulator.ActiveCfg = Release|Any CPU
		{D22270CF-176A-4D54-8A02-D474264EFD9A}.AppStore|Mixed Platforms.ActiveCfg = Release|Any CPU
		{D22270CF-176A-4D54-8A02-D474264EFD9A}.AppStore|Mixed Platforms.Build.0 = Release|Any CPU
		{D22270CF-176A-4D54-8A02-D474264EFD9A}.AppStore|Mixed Platforms.Deploy.0 = Release|Any CPU
		{D22270CF-176A-4D54-8A02-D474264EFD9A}.AppStore|x86.ActiveCfg = Release|Any CPU
		{D22270CF-176A-4D54-8A02-D474264EFD9A}.Debug|Any CPU.ActiveCfg = Debug|Any CPU
		{D22270CF-176A-4D54-8A02-D474264EFD9A}.Debug|Any CPU.Build.0 = Debug|Any CPU
		{D22270CF-176A-4D54-8A02-D474264EFD9A}.Debug|Any CPU.Deploy.0 = Debug|Any CPU
		{D22270CF-176A-4D54-8A02-D474264EFD9A}.Debug|ARM.ActiveCfg = Debug|Any CPU
		{D22270CF-176A-4D54-8A02-D474264EFD9A}.Debug|iPhone.ActiveCfg = Debug|Any CPU
		{D22270CF-176A-4D54-8A02-D474264EFD9A}.Debug|iPhoneSimulator.ActiveCfg = Debug|Any CPU
		{D22270CF-176A-4D54-8A02-D474264EFD9A}.Debug|Mixed Platforms.ActiveCfg = Debug|Any CPU
		{D22270CF-176A-4D54-8A02-D474264EFD9A}.Debug|Mixed Platforms.Build.0 = Debug|Any CPU
		{D22270CF-176A-4D54-8A02-D474264EFD9A}.Debug|Mixed Platforms.Deploy.0 = Debug|Any CPU
		{D22270CF-176A-4D54-8A02-D474264EFD9A}.Debug|x86.ActiveCfg = Debug|Any CPU
		{D22270CF-176A-4D54-8A02-D474264EFD9A}.Release|Any CPU.ActiveCfg = Release|Any CPU
		{D22270CF-176A-4D54-8A02-D474264EFD9A}.Release|Any CPU.Build.0 = Release|Any CPU
		{D22270CF-176A-4D54-8A02-D474264EFD9A}.Release|Any CPU.Deploy.0 = Release|Any CPU
		{D22270CF-176A-4D54-8A02-D474264EFD9A}.Release|ARM.ActiveCfg = Release|Any CPU
		{D22270CF-176A-4D54-8A02-D474264EFD9A}.Release|iPhone.ActiveCfg = Release|Any CPU
		{D22270CF-176A-4D54-8A02-D474264EFD9A}.Release|iPhoneSimulator.ActiveCfg = Release|Any CPU
		{D22270CF-176A-4D54-8A02-D474264EFD9A}.Release|Mixed Platforms.ActiveCfg = Release|Any CPU
		{D22270CF-176A-4D54-8A02-D474264EFD9A}.Release|Mixed Platforms.Build.0 = Release|Any CPU
		{D22270CF-176A-4D54-8A02-D474264EFD9A}.Release|Mixed Platforms.Deploy.0 = Release|Any CPU
		{D22270CF-176A-4D54-8A02-D474264EFD9A}.Release|x86.ActiveCfg = Release|Any CPU
		{A3871533-5BC3-45EA-9C93-78C4450CB2A6}.Ad-Hoc|Any CPU.ActiveCfg = Ad-Hoc|iPhone
		{A3871533-5BC3-45EA-9C93-78C4450CB2A6}.Ad-Hoc|ARM.ActiveCfg = Ad-Hoc|iPhone
		{A3871533-5BC3-45EA-9C93-78C4450CB2A6}.Ad-Hoc|iPhone.ActiveCfg = Ad-Hoc|iPhone
		{A3871533-5BC3-45EA-9C93-78C4450CB2A6}.Ad-Hoc|iPhone.Build.0 = Ad-Hoc|iPhone
		{A3871533-5BC3-45EA-9C93-78C4450CB2A6}.Ad-Hoc|iPhoneSimulator.ActiveCfg = Ad-Hoc|iPhoneSimulator
		{A3871533-5BC3-45EA-9C93-78C4450CB2A6}.Ad-Hoc|iPhoneSimulator.Build.0 = Ad-Hoc|iPhoneSimulator
		{A3871533-5BC3-45EA-9C93-78C4450CB2A6}.Ad-Hoc|Mixed Platforms.ActiveCfg = Ad-Hoc|iPhone
		{A3871533-5BC3-45EA-9C93-78C4450CB2A6}.Ad-Hoc|Mixed Platforms.Build.0 = Ad-Hoc|iPhone
		{A3871533-5BC3-45EA-9C93-78C4450CB2A6}.Ad-Hoc|x86.ActiveCfg = Ad-Hoc|iPhone
		{A3871533-5BC3-45EA-9C93-78C4450CB2A6}.AppStore|Any CPU.ActiveCfg = AppStore|iPhone
		{A3871533-5BC3-45EA-9C93-78C4450CB2A6}.AppStore|ARM.ActiveCfg = AppStore|iPhone
		{A3871533-5BC3-45EA-9C93-78C4450CB2A6}.AppStore|iPhone.ActiveCfg = AppStore|iPhone
		{A3871533-5BC3-45EA-9C93-78C4450CB2A6}.AppStore|iPhone.Build.0 = AppStore|iPhone
		{A3871533-5BC3-45EA-9C93-78C4450CB2A6}.AppStore|iPhoneSimulator.ActiveCfg = AppStore|iPhoneSimulator
		{A3871533-5BC3-45EA-9C93-78C4450CB2A6}.AppStore|iPhoneSimulator.Build.0 = AppStore|iPhoneSimulator
		{A3871533-5BC3-45EA-9C93-78C4450CB2A6}.AppStore|Mixed Platforms.ActiveCfg = AppStore|iPhone
		{A3871533-5BC3-45EA-9C93-78C4450CB2A6}.AppStore|Mixed Platforms.Build.0 = AppStore|iPhone
		{A3871533-5BC3-45EA-9C93-78C4450CB2A6}.AppStore|x86.ActiveCfg = AppStore|iPhone
		{A3871533-5BC3-45EA-9C93-78C4450CB2A6}.Debug|Any CPU.ActiveCfg = Debug|iPhone
		{A3871533-5BC3-45EA-9C93-78C4450CB2A6}.Debug|ARM.ActiveCfg = Debug|iPhone
		{A3871533-5BC3-45EA-9C93-78C4450CB2A6}.Debug|iPhone.ActiveCfg = Debug|iPhone
		{A3871533-5BC3-45EA-9C93-78C4450CB2A6}.Debug|iPhone.Build.0 = Debug|iPhone
		{A3871533-5BC3-45EA-9C93-78C4450CB2A6}.Debug|iPhoneSimulator.ActiveCfg = Debug|iPhoneSimulator
		{A3871533-5BC3-45EA-9C93-78C4450CB2A6}.Debug|iPhoneSimulator.Build.0 = Debug|iPhoneSimulator
		{A3871533-5BC3-45EA-9C93-78C4450CB2A6}.Debug|Mixed Platforms.ActiveCfg = Debug|iPhone
		{A3871533-5BC3-45EA-9C93-78C4450CB2A6}.Debug|Mixed Platforms.Build.0 = Debug|iPhone
		{A3871533-5BC3-45EA-9C93-78C4450CB2A6}.Debug|x86.ActiveCfg = Debug|iPhone
		{A3871533-5BC3-45EA-9C93-78C4450CB2A6}.Release|Any CPU.ActiveCfg = Release|iPhone
		{A3871533-5BC3-45EA-9C93-78C4450CB2A6}.Release|ARM.ActiveCfg = Release|iPhone
		{A3871533-5BC3-45EA-9C93-78C4450CB2A6}.Release|iPhone.ActiveCfg = Release|iPhone
		{A3871533-5BC3-45EA-9C93-78C4450CB2A6}.Release|iPhone.Build.0 = Release|iPhone
		{A3871533-5BC3-45EA-9C93-78C4450CB2A6}.Release|iPhoneSimulator.ActiveCfg = Release|iPhoneSimulator
		{A3871533-5BC3-45EA-9C93-78C4450CB2A6}.Release|iPhoneSimulator.Build.0 = Release|iPhoneSimulator
		{A3871533-5BC3-45EA-9C93-78C4450CB2A6}.Release|Mixed Platforms.ActiveCfg = Release|iPhone
		{A3871533-5BC3-45EA-9C93-78C4450CB2A6}.Release|Mixed Platforms.Build.0 = Release|iPhone
		{A3871533-5BC3-45EA-9C93-78C4450CB2A6}.Release|x86.ActiveCfg = Release|iPhone
		{1A49D3DD-D632-4AAF-A6F2-6CFC8DBF81E3}.Ad-Hoc|Any CPU.ActiveCfg = Release|Any CPU
		{1A49D3DD-D632-4AAF-A6F2-6CFC8DBF81E3}.Ad-Hoc|Any CPU.Build.0 = Release|Any CPU
		{1A49D3DD-D632-4AAF-A6F2-6CFC8DBF81E3}.Ad-Hoc|Any CPU.Deploy.0 = Release|Any CPU
		{1A49D3DD-D632-4AAF-A6F2-6CFC8DBF81E3}.Ad-Hoc|ARM.ActiveCfg = Release|ARM
		{1A49D3DD-D632-4AAF-A6F2-6CFC8DBF81E3}.Ad-Hoc|ARM.Build.0 = Release|ARM
		{1A49D3DD-D632-4AAF-A6F2-6CFC8DBF81E3}.Ad-Hoc|ARM.Deploy.0 = Release|ARM
		{1A49D3DD-D632-4AAF-A6F2-6CFC8DBF81E3}.Ad-Hoc|iPhone.ActiveCfg = Release|Any CPU
		{1A49D3DD-D632-4AAF-A6F2-6CFC8DBF81E3}.Ad-Hoc|iPhoneSimulator.ActiveCfg = Release|Any CPU
		{1A49D3DD-D632-4AAF-A6F2-6CFC8DBF81E3}.Ad-Hoc|Mixed Platforms.ActiveCfg = Release|x86
		{1A49D3DD-D632-4AAF-A6F2-6CFC8DBF81E3}.Ad-Hoc|Mixed Platforms.Build.0 = Release|x86
		{1A49D3DD-D632-4AAF-A6F2-6CFC8DBF81E3}.Ad-Hoc|Mixed Platforms.Deploy.0 = Release|x86
		{1A49D3DD-D632-4AAF-A6F2-6CFC8DBF81E3}.Ad-Hoc|x86.ActiveCfg = Release|x86
		{1A49D3DD-D632-4AAF-A6F2-6CFC8DBF81E3}.Ad-Hoc|x86.Build.0 = Release|x86
		{1A49D3DD-D632-4AAF-A6F2-6CFC8DBF81E3}.Ad-Hoc|x86.Deploy.0 = Release|x86
		{1A49D3DD-D632-4AAF-A6F2-6CFC8DBF81E3}.AppStore|Any CPU.ActiveCfg = Release|Any CPU
		{1A49D3DD-D632-4AAF-A6F2-6CFC8DBF81E3}.AppStore|Any CPU.Build.0 = Release|Any CPU
		{1A49D3DD-D632-4AAF-A6F2-6CFC8DBF81E3}.AppStore|Any CPU.Deploy.0 = Release|Any CPU
		{1A49D3DD-D632-4AAF-A6F2-6CFC8DBF81E3}.AppStore|ARM.ActiveCfg = Release|ARM
		{1A49D3DD-D632-4AAF-A6F2-6CFC8DBF81E3}.AppStore|ARM.Build.0 = Release|ARM
		{1A49D3DD-D632-4AAF-A6F2-6CFC8DBF81E3}.AppStore|ARM.Deploy.0 = Release|ARM
		{1A49D3DD-D632-4AAF-A6F2-6CFC8DBF81E3}.AppStore|iPhone.ActiveCfg = Release|Any CPU
		{1A49D3DD-D632-4AAF-A6F2-6CFC8DBF81E3}.AppStore|iPhoneSimulator.ActiveCfg = Release|Any CPU
		{1A49D3DD-D632-4AAF-A6F2-6CFC8DBF81E3}.AppStore|Mixed Platforms.ActiveCfg = Release|x86
		{1A49D3DD-D632-4AAF-A6F2-6CFC8DBF81E3}.AppStore|Mixed Platforms.Build.0 = Release|x86
		{1A49D3DD-D632-4AAF-A6F2-6CFC8DBF81E3}.AppStore|Mixed Platforms.Deploy.0 = Release|x86
		{1A49D3DD-D632-4AAF-A6F2-6CFC8DBF81E3}.AppStore|x86.ActiveCfg = Release|x86
		{1A49D3DD-D632-4AAF-A6F2-6CFC8DBF81E3}.AppStore|x86.Build.0 = Release|x86
		{1A49D3DD-D632-4AAF-A6F2-6CFC8DBF81E3}.AppStore|x86.Deploy.0 = Release|x86
		{1A49D3DD-D632-4AAF-A6F2-6CFC8DBF81E3}.Debug|Any CPU.ActiveCfg = Debug|Any CPU
		{1A49D3DD-D632-4AAF-A6F2-6CFC8DBF81E3}.Debug|Any CPU.Build.0 = Debug|Any CPU
		{1A49D3DD-D632-4AAF-A6F2-6CFC8DBF81E3}.Debug|Any CPU.Deploy.0 = Debug|Any CPU
		{1A49D3DD-D632-4AAF-A6F2-6CFC8DBF81E3}.Debug|ARM.ActiveCfg = Debug|ARM
		{1A49D3DD-D632-4AAF-A6F2-6CFC8DBF81E3}.Debug|ARM.Build.0 = Debug|ARM
		{1A49D3DD-D632-4AAF-A6F2-6CFC8DBF81E3}.Debug|ARM.Deploy.0 = Debug|ARM
		{1A49D3DD-D632-4AAF-A6F2-6CFC8DBF81E3}.Debug|iPhone.ActiveCfg = Debug|Any CPU
		{1A49D3DD-D632-4AAF-A6F2-6CFC8DBF81E3}.Debug|iPhoneSimulator.ActiveCfg = Debug|Any CPU
		{1A49D3DD-D632-4AAF-A6F2-6CFC8DBF81E3}.Debug|Mixed Platforms.ActiveCfg = Debug|x86
		{1A49D3DD-D632-4AAF-A6F2-6CFC8DBF81E3}.Debug|Mixed Platforms.Build.0 = Debug|x86
		{1A49D3DD-D632-4AAF-A6F2-6CFC8DBF81E3}.Debug|Mixed Platforms.Deploy.0 = Debug|x86
		{1A49D3DD-D632-4AAF-A6F2-6CFC8DBF81E3}.Debug|x86.ActiveCfg = Debug|x86
		{1A49D3DD-D632-4AAF-A6F2-6CFC8DBF81E3}.Debug|x86.Build.0 = Debug|x86
		{1A49D3DD-D632-4AAF-A6F2-6CFC8DBF81E3}.Debug|x86.Deploy.0 = Debug|x86
		{1A49D3DD-D632-4AAF-A6F2-6CFC8DBF81E3}.Release|Any CPU.ActiveCfg = Release|Any CPU
		{1A49D3DD-D632-4AAF-A6F2-6CFC8DBF81E3}.Release|Any CPU.Build.0 = Release|Any CPU
		{1A49D3DD-D632-4AAF-A6F2-6CFC8DBF81E3}.Release|Any CPU.Deploy.0 = Release|Any CPU
		{1A49D3DD-D632-4AAF-A6F2-6CFC8DBF81E3}.Release|ARM.ActiveCfg = Release|ARM
		{1A49D3DD-D632-4AAF-A6F2-6CFC8DBF81E3}.Release|ARM.Build.0 = Release|ARM
		{1A49D3DD-D632-4AAF-A6F2-6CFC8DBF81E3}.Release|ARM.Deploy.0 = Release|ARM
		{1A49D3DD-D632-4AAF-A6F2-6CFC8DBF81E3}.Release|iPhone.ActiveCfg = Release|Any CPU
		{1A49D3DD-D632-4AAF-A6F2-6CFC8DBF81E3}.Release|iPhoneSimulator.ActiveCfg = Release|Any CPU
		{1A49D3DD-D632-4AAF-A6F2-6CFC8DBF81E3}.Release|Mixed Platforms.ActiveCfg = Release|x86
		{1A49D3DD-D632-4AAF-A6F2-6CFC8DBF81E3}.Release|Mixed Platforms.Build.0 = Release|x86
		{1A49D3DD-D632-4AAF-A6F2-6CFC8DBF81E3}.Release|Mixed Platforms.Deploy.0 = Release|x86
		{1A49D3DD-D632-4AAF-A6F2-6CFC8DBF81E3}.Release|x86.ActiveCfg = Release|x86
		{1A49D3DD-D632-4AAF-A6F2-6CFC8DBF81E3}.Release|x86.Build.0 = Release|x86
		{1A49D3DD-D632-4AAF-A6F2-6CFC8DBF81E3}.Release|x86.Deploy.0 = Release|x86
		{968C2085-0B1D-4336-B189-AC2873605E72}.Ad-Hoc|Any CPU.ActiveCfg = Release|Any CPU
		{968C2085-0B1D-4336-B189-AC2873605E72}.Ad-Hoc|Any CPU.Build.0 = Release|Any CPU
		{968C2085-0B1D-4336-B189-AC2873605E72}.Ad-Hoc|ARM.ActiveCfg = Release|Any CPU
		{968C2085-0B1D-4336-B189-AC2873605E72}.Ad-Hoc|iPhone.ActiveCfg = Release|Any CPU
		{968C2085-0B1D-4336-B189-AC2873605E72}.Ad-Hoc|iPhone.Build.0 = Release|Any CPU
		{968C2085-0B1D-4336-B189-AC2873605E72}.Ad-Hoc|iPhoneSimulator.ActiveCfg = Release|Any CPU
		{968C2085-0B1D-4336-B189-AC2873605E72}.Ad-Hoc|iPhoneSimulator.Build.0 = Release|Any CPU
		{968C2085-0B1D-4336-B189-AC2873605E72}.Ad-Hoc|Mixed Platforms.ActiveCfg = Release|Any CPU
		{968C2085-0B1D-4336-B189-AC2873605E72}.Ad-Hoc|Mixed Platforms.Build.0 = Release|Any CPU
		{968C2085-0B1D-4336-B189-AC2873605E72}.Ad-Hoc|x86.ActiveCfg = Release|Any CPU
		{968C2085-0B1D-4336-B189-AC2873605E72}.AppStore|Any CPU.ActiveCfg = Release|Any CPU
		{968C2085-0B1D-4336-B189-AC2873605E72}.AppStore|Any CPU.Build.0 = Release|Any CPU
		{968C2085-0B1D-4336-B189-AC2873605E72}.AppStore|ARM.ActiveCfg = Release|Any CPU
		{968C2085-0B1D-4336-B189-AC2873605E72}.AppStore|iPhone.ActiveCfg = Release|Any CPU
		{968C2085-0B1D-4336-B189-AC2873605E72}.AppStore|iPhone.Build.0 = Release|Any CPU
		{968C2085-0B1D-4336-B189-AC2873605E72}.AppStore|iPhoneSimulator.ActiveCfg = Release|Any CPU
		{968C2085-0B1D-4336-B189-AC2873605E72}.AppStore|iPhoneSimulator.Build.0 = Release|Any CPU
		{968C2085-0B1D-4336-B189-AC2873605E72}.AppStore|Mixed Platforms.ActiveCfg = Release|Any CPU
		{968C2085-0B1D-4336-B189-AC2873605E72}.AppStore|Mixed Platforms.Build.0 = Release|Any CPU
		{968C2085-0B1D-4336-B189-AC2873605E72}.AppStore|x86.ActiveCfg = Release|Any CPU
		{968C2085-0B1D-4336-B189-AC2873605E72}.Debug|Any CPU.ActiveCfg = Debug|Any CPU
		{968C2085-0B1D-4336-B189-AC2873605E72}.Debug|Any CPU.Build.0 = Debug|Any CPU
		{968C2085-0B1D-4336-B189-AC2873605E72}.Debug|ARM.ActiveCfg = Debug|Any CPU
		{968C2085-0B1D-4336-B189-AC2873605E72}.Debug|iPhone.ActiveCfg = Debug|Any CPU
		{968C2085-0B1D-4336-B189-AC2873605E72}.Debug|iPhone.Build.0 = Debug|Any CPU
		{968C2085-0B1D-4336-B189-AC2873605E72}.Debug|iPhoneSimulator.ActiveCfg = Debug|Any CPU
		{968C2085-0B1D-4336-B189-AC2873605E72}.Debug|iPhoneSimulator.Build.0 = Debug|Any CPU
		{968C2085-0B1D-4336-B189-AC2873605E72}.Debug|Mixed Platforms.ActiveCfg = Debug|Any CPU
		{968C2085-0B1D-4336-B189-AC2873605E72}.Debug|Mixed Platforms.Build.0 = Debug|Any CPU
		{968C2085-0B1D-4336-B189-AC2873605E72}.Debug|x86.ActiveCfg = Debug|Any CPU
		{968C2085-0B1D-4336-B189-AC2873605E72}.Release|Any CPU.ActiveCfg = Release|Any CPU
		{968C2085-0B1D-4336-B189-AC2873605E72}.Release|Any CPU.Build.0 = Release|Any CPU
		{968C2085-0B1D-4336-B189-AC2873605E72}.Release|ARM.ActiveCfg = Release|Any CPU
		{968C2085-0B1D-4336-B189-AC2873605E72}.Release|iPhone.ActiveCfg = Release|Any CPU
		{968C2085-0B1D-4336-B189-AC2873605E72}.Release|iPhone.Build.0 = Release|Any CPU
		{968C2085-0B1D-4336-B189-AC2873605E72}.Release|iPhoneSimulator.ActiveCfg = Release|Any CPU
		{968C2085-0B1D-4336-B189-AC2873605E72}.Release|iPhoneSimulator.Build.0 = Release|Any CPU
		{968C2085-0B1D-4336-B189-AC2873605E72}.Release|Mixed Platforms.ActiveCfg = Release|Any CPU
		{968C2085-0B1D-4336-B189-AC2873605E72}.Release|Mixed Platforms.Build.0 = Release|Any CPU
		{968C2085-0B1D-4336-B189-AC2873605E72}.Release|x86.ActiveCfg = Release|Any CPU
	EndGlobalSection
	GlobalSection(SolutionProperties) = preSolution
		HideSolutionNode = FALSE
	EndGlobalSection
EndGlobal
